
Microsoft Visual Studio Solution File, Format Version 12.00
# Visual Studio Version 16
VisualStudioVersion = 16.0.30907.101
MinimumVisualStudioVersion = 10.0.40219.1
Project("{FAE04EC0-301F-11D3-BF4B-00C04F79EFBC}") = "LavaJ", "LavaJ\LavaJ.csproj", "{CBBBA973-EED3-4936-991D-104EE67CFA2B}"
EndProject
Project("{54435603-DBB4-11D2-8724-00A0C9A8B90C}") = "Setup", "Instalado\Setup\Setup.vdproj", "{641741D4-4D28-418B-833F-F09112EB1F6B}"
EndProject
Global
	GlobalSection(SolutionConfigurationPlatforms) = preSolution
		Debug|Any CPU = Debug|Any CPU
		Release|Any CPU = Release|Any CPU
	EndGlobalSection
	GlobalSection(ProjectConfigurationPlatforms) = postSolution
		{CBBBA973-EED3-4936-991D-104EE67CFA2B}.Debug|Any CPU.ActiveCfg = Debug|Any CPU
		{CBBBA973-EED3-4936-991D-104EE67CFA2B}.Debug|Any CPU.Build.0 = Debug|Any CPU
		{CBBBA973-EED3-4936-991D-104EE67CFA2B}.Release|Any CPU.ActiveCfg = Release|Any CPU
		{CBBBA973-EED3-4936-991D-104EE67CFA2B}.Release|Any CPU.Build.0 = Release|Any CPU
		{641741D4-4D28-418B-833F-F09112EB1F6B}.Debug|Any CPU.ActiveCfg = Debug
		{641741D4-4D28-418B-833F-F09112EB1F6B}.Release|Any CPU.ActiveCfg = Release
	EndGlobalSection
	GlobalSection(SolutionProperties) = preSolution
		HideSolutionNode = FALSE
	EndGlobalSection
	GlobalSection(ExtensibilityGlobals) = postSolution
		SolutionGuid = {744928A6-2AAA-41E8-9ED6-1CF40B827075}
	EndGlobalSection
EndGlobal
